// !$*UTF8*$!
{
	archiveVersion = 1;
	classes = {
	};
	objectVersion = 55;
	objects = {

/* Begin PBXBuildFile section */
		170C20E227D78F8400F84431 /* SDWebImage in Frameworks */ = {isa = PBXBuildFile; productRef = 170C20E127D78F8400F84431 /* SDWebImage */; };
		170C20E427D78F8400F84431 /* SDWebImageMapKit in Frameworks */ = {isa = PBXBuildFile; productRef = 170C20E327D78F8400F84431 /* SDWebImageMapKit */; };
		1713905027DCDCF100E16ADD /* PlaceTipElement.swift in Sources */ = {isa = PBXBuildFile; fileRef = 1713904F27DCDCF100E16ADD /* PlaceTipElement.swift */; };
		172B75ED27D49F5900FA128B /* PlacePhotoElement.swift in Sources */ = {isa = PBXBuildFile; fileRef = 172B75EC27D49F5900FA128B /* PlacePhotoElement.swift */; };
		172DFD1E27DF324600F261C7 /* PlaceDetailCollectionReusableView.swift in Sources */ = {isa = PBXBuildFile; fileRef = 172DFD1C27DF324600F261C7 /* PlaceDetailCollectionReusableView.swift */; };
		172DFD1F27DF324600F261C7 /* PlaceDetailCollectionReusableView.xib in Resources */ = {isa = PBXBuildFile; fileRef = 172DFD1D27DF324600F261C7 /* PlaceDetailCollectionReusableView.xib */; };
		172DFD2227DF876A00F261C7 /* InfoPlaceCell.swift in Sources */ = {isa = PBXBuildFile; fileRef = 172DFD2027DF876A00F261C7 /* InfoPlaceCell.swift */; };
		172DFD2927DFAB0D00F261C7 /* PhotoPlaceCell.swift in Sources */ = {isa = PBXBuildFile; fileRef = 172DFD2727DFAB0D00F261C7 /* PhotoPlaceCell.swift */; };
		172DFD2A27DFAB0D00F261C7 /* PhotoPlaceCell.xib in Resources */ = {isa = PBXBuildFile; fileRef = 172DFD2827DFAB0D00F261C7 /* PhotoPlaceCell.xib */; };
		172DFD2D27DFB8A500F261C7 /* TipPlaceCell.swift in Sources */ = {isa = PBXBuildFile; fileRef = 172DFD2B27DFB8A500F261C7 /* TipPlaceCell.swift */; };
		172DFD2E27DFB8A500F261C7 /* TipPlaceCell.xib in Resources */ = {isa = PBXBuildFile; fileRef = 172DFD2C27DFB8A500F261C7 /* TipPlaceCell.xib */; };
		172DFD3127E0500F00F261C7 /* HeaderSectionPlaceDetailCell.swift in Sources */ = {isa = PBXBuildFile; fileRef = 172DFD2F27E0500F00F261C7 /* HeaderSectionPlaceDetailCell.swift */; };
		172DFD3227E0500F00F261C7 /* HeaderSectionPlaceDetailCell.xib in Resources */ = {isa = PBXBuildFile; fileRef = 172DFD3027E0500F00F261C7 /* HeaderSectionPlaceDetailCell.xib */; };
		172DFD3727E063B300F261C7 /* InfoPlaceCell.xib in Resources */ = {isa = PBXBuildFile; fileRef = 172DFD3627E063B300F261C7 /* InfoPlaceCell.xib */; };
		173EFB5F27ECD45300E2EFF0 /* AutoComple.swift in Sources */ = {isa = PBXBuildFile; fileRef = 173EFB5E27ECD45300E2EFF0 /* AutoComple.swift */; };
		174768FC27D353FC00AE1B0A /* Places.swift in Sources */ = {isa = PBXBuildFile; fileRef = 174768FB27D353FC00AE1B0A /* Places.swift */; };
		174768FF27D3546300AE1B0A /* Alamofire in Frameworks */ = {isa = PBXBuildFile; productRef = 174768FE27D3546300AE1B0A /* Alamofire */; };
		174A1E1327CEECDA00CDD3AC /* MeViewController.swift in Sources */ = {isa = PBXBuildFile; fileRef = 174A1E1127CEECDA00CDD3AC /* MeViewController.swift */; };
		174A1E1427CEECDA00CDD3AC /* MeViewController.xib in Resources */ = {isa = PBXBuildFile; fileRef = 174A1E1227CEECDA00CDD3AC /* MeViewController.xib */; };
		174A1E1B27CF341B00CDD3AC /* ListSearchViewController.swift in Sources */ = {isa = PBXBuildFile; fileRef = 174A1E1927CF341B00CDD3AC /* ListSearchViewController.swift */; };
		174A1E1C27CF341B00CDD3AC /* ListSearchViewController.xib in Resources */ = {isa = PBXBuildFile; fileRef = 174A1E1A27CF341B00CDD3AC /* ListSearchViewController.xib */; };
		174A1E2827CF39AB00CDD3AC /* PlaceTableViewCell.swift in Sources */ = {isa = PBXBuildFile; fileRef = 174A1E2627CF39AB00CDD3AC /* PlaceTableViewCell.swift */; };
		174A1E2927CF39AB00CDD3AC /* PlaceTableViewCell.xib in Resources */ = {isa = PBXBuildFile; fileRef = 174A1E2727CF39AB00CDD3AC /* PlaceTableViewCell.xib */; };
		174A1E2C27CF4C3900CDD3AC /* DetailPlaceInfoViewController.swift in Sources */ = {isa = PBXBuildFile; fileRef = 174A1E2A27CF4C3900CDD3AC /* DetailPlaceInfoViewController.swift */; };
		174A1E2D27CF4C3900CDD3AC /* DetailPlaceInfoViewController.xib in Resources */ = {isa = PBXBuildFile; fileRef = 174A1E2B27CF4C3900CDD3AC /* DetailPlaceInfoViewController.xib */; };
		1759C48827E4882300C18102 /* SDWebImage in Frameworks */ = {isa = PBXBuildFile; productRef = 1759C48727E4882300C18102 /* SDWebImage */; };
		1759C48A27E4882300C18102 /* SDWebImageMapKit in Frameworks */ = {isa = PBXBuildFile; productRef = 1759C48927E4882300C18102 /* SDWebImageMapKit */; };
		1786D6D027E9C0F400121C70 /* RealmSwift in Frameworks */ = {isa = PBXBuildFile; productRef = 1786D6CF27E9C0F400121C70 /* RealmSwift */; };
		1786D6D527E9D3E800121C70 /* FavoritePlaceItem.swift in Sources */ = {isa = PBXBuildFile; fileRef = 1786D6D427E9D3E800121C70 /* FavoritePlaceItem.swift */; };
		17AEFB0327EB3EB50040F7FA /* FavouriteViewController.swift in Sources */ = {isa = PBXBuildFile; fileRef = 17AEFB0127EB3EB50040F7FA /* FavouriteViewController.swift */; };
		17AEFB0427EB3EB50040F7FA /* FavouriteViewController.xib in Resources */ = {isa = PBXBuildFile; fileRef = 17AEFB0227EB3EB50040F7FA /* FavouriteViewController.xib */; };
		17AEFB0627EB6A520040F7FA /* DetailPlace.swift in Sources */ = {isa = PBXBuildFile; fileRef = 17AEFB0527EB6A520040F7FA /* DetailPlace.swift */; };
		17AEFB0D27EC7B5D0040F7FA /* LoginViewController.swift in Sources */ = {isa = PBXBuildFile; fileRef = 17AEFB0B27EC7B5D0040F7FA /* LoginViewController.swift */; };
		17AEFB0E27EC7B5D0040F7FA /* LoginViewController.xib in Resources */ = {isa = PBXBuildFile; fileRef = 17AEFB0C27EC7B5D0040F7FA /* LoginViewController.xib */; };
		17AEFB1127EC7C200040F7FA /* WelcomeViewController.swift in Sources */ = {isa = PBXBuildFile; fileRef = 17AEFB0F27EC7C200040F7FA /* WelcomeViewController.swift */; };
		17AEFB1227EC7C200040F7FA /* WelcomeViewController.xib in Resources */ = {isa = PBXBuildFile; fileRef = 17AEFB1027EC7C200040F7FA /* WelcomeViewController.xib */; };
		17AEFB1527EC83480040F7FA /* SignUpViewController.swift in Sources */ = {isa = PBXBuildFile; fileRef = 17AEFB1327EC83480040F7FA /* SignUpViewController.swift */; };
		17AEFB1627EC83480040F7FA /* SignUpViewController.xib in Resources */ = {isa = PBXBuildFile; fileRef = 17AEFB1427EC83480040F7FA /* SignUpViewController.xib */; };
		17C312F127E87FD5007DE60A /* SearchViewController.swift in Sources */ = {isa = PBXBuildFile; fileRef = 17C312EF27E87FD5007DE60A /* SearchViewController.swift */; };
		17C312F227E87FD5007DE60A /* SearchViewController.xib in Resources */ = {isa = PBXBuildFile; fileRef = 17C312F027E87FD5007DE60A /* SearchViewController.xib */; };
		17C44DDE27CE3A1F009EDF46 /* AppDelegate.swift in Sources */ = {isa = PBXBuildFile; fileRef = 17C44DDD27CE3A1F009EDF46 /* AppDelegate.swift */; };
		17C44DE727CE3A22009EDF46 /* Assets.xcassets in Resources */ = {isa = PBXBuildFile; fileRef = 17C44DE627CE3A22009EDF46 /* Assets.xcassets */; };
		17C44DEA27CE3A22009EDF46 /* LaunchScreen.storyboard in Resources */ = {isa = PBXBuildFile; fileRef = 17C44DE827CE3A22009EDF46 /* LaunchScreen.storyboard */; };
		17C44DF427CE3B2B009EDF46 /* HomeViewController.swift in Sources */ = {isa = PBXBuildFile; fileRef = 17C44DF227CE3B2B009EDF46 /* HomeViewController.swift */; };
		17C44DF527CE3B2B009EDF46 /* HomeViewController.xib in Resources */ = {isa = PBXBuildFile; fileRef = 17C44DF327CE3B2B009EDF46 /* HomeViewController.xib */; };
		17DBA90027F09BA70064DD79 /* FacebookAEM in Frameworks */ = {isa = PBXBuildFile; productRef = 17DBA8FF27F09BA70064DD79 /* FacebookAEM */; };
		17DBA90227F09BA70064DD79 /* FacebookBasics in Frameworks */ = {isa = PBXBuildFile; productRef = 17DBA90127F09BA70064DD79 /* FacebookBasics */; };
		17DBA90427F09BA70064DD79 /* FacebookCore in Frameworks */ = {isa = PBXBuildFile; productRef = 17DBA90327F09BA70064DD79 /* FacebookCore */; };
		17DBA90627F09BA70064DD79 /* FacebookLogin in Frameworks */ = {isa = PBXBuildFile; productRef = 17DBA90527F09BA70064DD79 /* FacebookLogin */; };
		17DBA90827F09BA70064DD79 /* FacebookShare in Frameworks */ = {isa = PBXBuildFile; productRef = 17DBA90727F09BA70064DD79 /* FacebookShare */; };
		17E9F27D27E0E768008267EF /* MapingViewController.swift in Sources */ = {isa = PBXBuildFile; fileRef = 17E9F27B27E0E768008267EF /* MapingViewController.swift */; };
		17E9F27E27E0E768008267EF /* MapingViewController.xib in Resources */ = {isa = PBXBuildFile; fileRef = 17E9F27C27E0E768008267EF /* MapingViewController.xib */; };
/* End PBXBuildFile section */

/* Begin PBXFileReference section */
		1713904F27DCDCF100E16ADD /* PlaceTipElement.swift */ = {isa = PBXFileReference; lastKnownFileType = sourcecode.swift; path = PlaceTipElement.swift; sourceTree = "<group>"; };
		172B75EC27D49F5900FA128B /* PlacePhotoElement.swift */ = {isa = PBXFileReference; lastKnownFileType = sourcecode.swift; path = PlacePhotoElement.swift; sourceTree = "<group>"; };
		172DFD1C27DF324600F261C7 /* PlaceDetailCollectionReusableView.swift */ = {isa = PBXFileReference; lastKnownFileType = sourcecode.swift; path = PlaceDetailCollectionReusableView.swift; sourceTree = "<group>"; };
		172DFD1D27DF324600F261C7 /* PlaceDetailCollectionReusableView.xib */ = {isa = PBXFileReference; lastKnownFileType = file.xib; path = PlaceDetailCollectionReusableView.xib; sourceTree = "<group>"; };
		172DFD2027DF876A00F261C7 /* InfoPlaceCell.swift */ = {isa = PBXFileReference; lastKnownFileType = sourcecode.swift; path = InfoPlaceCell.swift; sourceTree = "<group>"; };
		172DFD2727DFAB0D00F261C7 /* PhotoPlaceCell.swift */ = {isa = PBXFileReference; lastKnownFileType = sourcecode.swift; path = PhotoPlaceCell.swift; sourceTree = "<group>"; };
		172DFD2827DFAB0D00F261C7 /* PhotoPlaceCell.xib */ = {isa = PBXFileReference; lastKnownFileType = file.xib; path = PhotoPlaceCell.xib; sourceTree = "<group>"; };
		172DFD2B27DFB8A500F261C7 /* TipPlaceCell.swift */ = {isa = PBXFileReference; lastKnownFileType = sourcecode.swift; path = TipPlaceCell.swift; sourceTree = "<group>"; };
		172DFD2C27DFB8A500F261C7 /* TipPlaceCell.xib */ = {isa = PBXFileReference; lastKnownFileType = file.xib; path = TipPlaceCell.xib; sourceTree = "<group>"; };
		172DFD2F27E0500F00F261C7 /* HeaderSectionPlaceDetailCell.swift */ = {isa = PBXFileReference; lastKnownFileType = sourcecode.swift; path = HeaderSectionPlaceDetailCell.swift; sourceTree = "<group>"; };
		172DFD3027E0500F00F261C7 /* HeaderSectionPlaceDetailCell.xib */ = {isa = PBXFileReference; lastKnownFileType = file.xib; path = HeaderSectionPlaceDetailCell.xib; sourceTree = "<group>"; };
		172DFD3627E063B300F261C7 /* InfoPlaceCell.xib */ = {isa = PBXFileReference; fileEncoding = 4; lastKnownFileType = file.xib; path = InfoPlaceCell.xib; sourceTree = "<group>"; };
		173EFB5E27ECD45300E2EFF0 /* AutoComple.swift */ = {isa = PBXFileReference; lastKnownFileType = sourcecode.swift; path = AutoComple.swift; sourceTree = "<group>"; };
		174768FB27D353FC00AE1B0A /* Places.swift */ = {isa = PBXFileReference; lastKnownFileType = sourcecode.swift; path = Places.swift; sourceTree = "<group>"; };
		174A1E1127CEECDA00CDD3AC /* MeViewController.swift */ = {isa = PBXFileReference; lastKnownFileType = sourcecode.swift; path = MeViewController.swift; sourceTree = "<group>"; };
		174A1E1227CEECDA00CDD3AC /* MeViewController.xib */ = {isa = PBXFileReference; lastKnownFileType = file.xib; path = MeViewController.xib; sourceTree = "<group>"; };
		174A1E1927CF341B00CDD3AC /* ListSearchViewController.swift */ = {isa = PBXFileReference; lastKnownFileType = sourcecode.swift; path = ListSearchViewController.swift; sourceTree = "<group>"; };
		174A1E1A27CF341B00CDD3AC /* ListSearchViewController.xib */ = {isa = PBXFileReference; lastKnownFileType = file.xib; path = ListSearchViewController.xib; sourceTree = "<group>"; };
		174A1E2627CF39AB00CDD3AC /* PlaceTableViewCell.swift */ = {isa = PBXFileReference; lastKnownFileType = sourcecode.swift; path = PlaceTableViewCell.swift; sourceTree = "<group>"; };
		174A1E2727CF39AB00CDD3AC /* PlaceTableViewCell.xib */ = {isa = PBXFileReference; lastKnownFileType = file.xib; path = PlaceTableViewCell.xib; sourceTree = "<group>"; };
		174A1E2A27CF4C3900CDD3AC /* DetailPlaceInfoViewController.swift */ = {isa = PBXFileReference; lastKnownFileType = sourcecode.swift; path = DetailPlaceInfoViewController.swift; sourceTree = "<group>"; };
		174A1E2B27CF4C3900CDD3AC /* DetailPlaceInfoViewController.xib */ = {isa = PBXFileReference; lastKnownFileType = file.xib; path = DetailPlaceInfoViewController.xib; sourceTree = "<group>"; };
		1786D6D427E9D3E800121C70 /* FavoritePlaceItem.swift */ = {isa = PBXFileReference; lastKnownFileType = sourcecode.swift; path = FavoritePlaceItem.swift; sourceTree = "<group>"; };
		17AEFB0127EB3EB50040F7FA /* FavouriteViewController.swift */ = {isa = PBXFileReference; lastKnownFileType = sourcecode.swift; path = FavouriteViewController.swift; sourceTree = "<group>"; };
		17AEFB0227EB3EB50040F7FA /* FavouriteViewController.xib */ = {isa = PBXFileReference; lastKnownFileType = file.xib; path = FavouriteViewController.xib; sourceTree = "<group>"; };
		17AEFB0527EB6A520040F7FA /* DetailPlace.swift */ = {isa = PBXFileReference; lastKnownFileType = sourcecode.swift; path = DetailPlace.swift; sourceTree = "<group>"; };
		17AEFB0B27EC7B5D0040F7FA /* LoginViewController.swift */ = {isa = PBXFileReference; lastKnownFileType = sourcecode.swift; path = LoginViewController.swift; sourceTree = "<group>"; };
		17AEFB0C27EC7B5D0040F7FA /* LoginViewController.xib */ = {isa = PBXFileReference; lastKnownFileType = file.xib; path = LoginViewController.xib; sourceTree = "<group>"; };
		17AEFB0F27EC7C200040F7FA /* WelcomeViewController.swift */ = {isa = PBXFileReference; lastKnownFileType = sourcecode.swift; path = WelcomeViewController.swift; sourceTree = "<group>"; };
		17AEFB1027EC7C200040F7FA /* WelcomeViewController.xib */ = {isa = PBXFileReference; lastKnownFileType = file.xib; path = WelcomeViewController.xib; sourceTree = "<group>"; };
		17AEFB1327EC83480040F7FA /* SignUpViewController.swift */ = {isa = PBXFileReference; lastKnownFileType = sourcecode.swift; path = SignUpViewController.swift; sourceTree = "<group>"; };
		17AEFB1427EC83480040F7FA /* SignUpViewController.xib */ = {isa = PBXFileReference; lastKnownFileType = file.xib; path = SignUpViewController.xib; sourceTree = "<group>"; };
		17C312EF27E87FD5007DE60A /* SearchViewController.swift */ = {isa = PBXFileReference; lastKnownFileType = sourcecode.swift; path = SearchViewController.swift; sourceTree = "<group>"; };
		17C312F027E87FD5007DE60A /* SearchViewController.xib */ = {isa = PBXFileReference; lastKnownFileType = file.xib; path = SearchViewController.xib; sourceTree = "<group>"; };
		17C44DDA27CE3A1F009EDF46 /* FOURSQUARE.app */ = {isa = PBXFileReference; explicitFileType = wrapper.application; includeInIndex = 0; path = FOURSQUARE.app; sourceTree = BUILT_PRODUCTS_DIR; };
		17C44DDD27CE3A1F009EDF46 /* AppDelegate.swift */ = {isa = PBXFileReference; lastKnownFileType = sourcecode.swift; path = AppDelegate.swift; sourceTree = "<group>"; };
		17C44DE627CE3A22009EDF46 /* Assets.xcassets */ = {isa = PBXFileReference; lastKnownFileType = folder.assetcatalog; path = Assets.xcassets; sourceTree = "<group>"; };
		17C44DE927CE3A22009EDF46 /* Base */ = {isa = PBXFileReference; lastKnownFileType = file.storyboard; name = Base; path = Base.lproj/LaunchScreen.storyboard; sourceTree = "<group>"; };
		17C44DEB27CE3A22009EDF46 /* Info.plist */ = {isa = PBXFileReference; lastKnownFileType = text.plist.xml; path = Info.plist; sourceTree = "<group>"; };
		17C44DF227CE3B2B009EDF46 /* HomeViewController.swift */ = {isa = PBXFileReference; lastKnownFileType = sourcecode.swift; path = HomeViewController.swift; sourceTree = "<group>"; };
		17C44DF327CE3B2B009EDF46 /* HomeViewController.xib */ = {isa = PBXFileReference; lastKnownFileType = file.xib; path = HomeViewController.xib; sourceTree = "<group>"; };
		17E9F27B27E0E768008267EF /* MapingViewController.swift */ = {isa = PBXFileReference; lastKnownFileType = sourcecode.swift; path = MapingViewController.swift; sourceTree = "<group>"; };
		17E9F27C27E0E768008267EF /* MapingViewController.xib */ = {isa = PBXFileReference; lastKnownFileType = file.xib; path = MapingViewController.xib; sourceTree = "<group>"; };
/* End PBXFileReference section */

/* Begin PBXFrameworksBuildPhase section */
		17C44DD727CE3A1F009EDF46 /* Frameworks */ = {
			isa = PBXFrameworksBuildPhase;
			buildActionMask = 2147483647;
			files = (
				17DBA90627F09BA70064DD79 /* FacebookLogin in Frameworks */,
				1786D6D027E9C0F400121C70 /* RealmSwift in Frameworks */,
				17DBA90027F09BA70064DD79 /* FacebookAEM in Frameworks */,
				170C20E227D78F8400F84431 /* SDWebImage in Frameworks */,
				1759C48A27E4882300C18102 /* SDWebImageMapKit in Frameworks */,
				170C20E427D78F8400F84431 /* SDWebImageMapKit in Frameworks */,
				17DBA90227F09BA70064DD79 /* FacebookBasics in Frameworks */,
				17DBA90827F09BA70064DD79 /* FacebookShare in Frameworks */,
				1759C48827E4882300C18102 /* SDWebImage in Frameworks */,
				17DBA90427F09BA70064DD79 /* FacebookCore in Frameworks */,
				174768FF27D3546300AE1B0A /* Alamofire in Frameworks */,
			);
			runOnlyForDeploymentPostprocessing = 0;
		};
/* End PBXFrameworksBuildPhase section */

/* Begin PBXGroup section */
		172DFD2427DF877300F261C7 /* DetailPlaceInfoVC */ = {
			isa = PBXGroup;
			children = (
				174A1E2F27CF4C6000CDD3AC /* Header */,
				174A1E2E27CF4C4100CDD3AC /* CollectionViewCell */,
				174A1E2A27CF4C3900CDD3AC /* DetailPlaceInfoViewController.swift */,
				174A1E2B27CF4C3900CDD3AC /* DetailPlaceInfoViewController.xib */,
			);
			path = DetailPlaceInfoVC;
			sourceTree = "<group>";
		};
		172DFD3327E061FD00F261C7 /* TableViewCell */ = {
			isa = PBXGroup;
			children = (
				174A1E2627CF39AB00CDD3AC /* PlaceTableViewCell.swift */,
				174A1E2727CF39AB00CDD3AC /* PlaceTableViewCell.xib */,
			);
			path = TableViewCell;
			sourceTree = "<group>";
		};
		1747690027D354D700AE1B0A /* Networking */ = {
			isa = PBXGroup;
			children = (
				174768FB27D353FC00AE1B0A /* Places.swift */,
				172B75EC27D49F5900FA128B /* PlacePhotoElement.swift */,
				1713904F27DCDCF100E16ADD /* PlaceTipElement.swift */,
				1786D6D427E9D3E800121C70 /* FavoritePlaceItem.swift */,
				17AEFB0527EB6A520040F7FA /* DetailPlace.swift */,
				173EFB5E27ECD45300E2EFF0 /* AutoComple.swift */,
			);
			path = Networking;
			sourceTree = "<group>";
		};
		174A1E0627CEEB1B00CDD3AC /* FavouriteVC */ = {
			isa = PBXGroup;
			children = (
				17AEFB0127EB3EB50040F7FA /* FavouriteViewController.swift */,
				17AEFB0227EB3EB50040F7FA /* FavouriteViewController.xib */,
			);
			path = FavouriteVC;
			sourceTree = "<group>";
		};
		174A1E0727CEEB2500CDD3AC /* MeVC */ = {
			isa = PBXGroup;
			children = (
				174A1E1127CEECDA00CDD3AC /* MeViewController.swift */,
				174A1E1227CEECDA00CDD3AC /* MeViewController.xib */,
			);
			path = MeVC;
			sourceTree = "<group>";
		};
		174A1E2127CF389B00CDD3AC /* Models */ = {
			isa = PBXGroup;
			children = (
				1747690027D354D700AE1B0A /* Networking */,
			);
			path = Models;
			sourceTree = "<group>";
		};
		174A1E2E27CF4C4100CDD3AC /* CollectionViewCell */ = {
			isa = PBXGroup;
			children = (
				172DFD2027DF876A00F261C7 /* InfoPlaceCell.swift */,
				172DFD3627E063B300F261C7 /* InfoPlaceCell.xib */,
				172DFD2727DFAB0D00F261C7 /* PhotoPlaceCell.swift */,
				172DFD2827DFAB0D00F261C7 /* PhotoPlaceCell.xib */,
				172DFD2B27DFB8A500F261C7 /* TipPlaceCell.swift */,
				172DFD2C27DFB8A500F261C7 /* TipPlaceCell.xib */,
			);
			path = CollectionViewCell;
			sourceTree = "<group>";
		};
		174A1E2F27CF4C6000CDD3AC /* Header */ = {
			isa = PBXGroup;
			children = (
				172DFD1C27DF324600F261C7 /* PlaceDetailCollectionReusableView.swift */,
				172DFD1D27DF324600F261C7 /* PlaceDetailCollectionReusableView.xib */,
				172DFD2F27E0500F00F261C7 /* HeaderSectionPlaceDetailCell.swift */,
				172DFD3027E0500F00F261C7 /* HeaderSectionPlaceDetailCell.xib */,
			);
			path = Header;
			sourceTree = "<group>";
		};
		17AEFB0A27EC79730040F7FA /* Login VC */ = {
			isa = PBXGroup;
			children = (
				17AEFB0F27EC7C200040F7FA /* WelcomeViewController.swift */,
				17AEFB1027EC7C200040F7FA /* WelcomeViewController.xib */,
				17AEFB0B27EC7B5D0040F7FA /* LoginViewController.swift */,
				17AEFB0C27EC7B5D0040F7FA /* LoginViewController.xib */,
				17AEFB1327EC83480040F7FA /* SignUpViewController.swift */,
				17AEFB1427EC83480040F7FA /* SignUpViewController.xib */,
			);
			path = "Login VC";
			sourceTree = "<group>";
		};
		17C312F327E87FDE007DE60A /* SearchVC */ = {
			isa = PBXGroup;
			children = (
				17C312EF27E87FD5007DE60A /* SearchViewController.swift */,
				17C312F027E87FD5007DE60A /* SearchViewController.xib */,
			);
			path = SearchVC;
			sourceTree = "<group>";
		};
		17C44DD127CE3A1E009EDF46 = {
			isa = PBXGroup;
			children = (
				17C44DDC27CE3A1F009EDF46 /* FOURSQUARE */,
				17C44DDB27CE3A1F009EDF46 /* Products */,
			);
			sourceTree = "<group>";
		};
		17C44DDB27CE3A1F009EDF46 /* Products */ = {
			isa = PBXGroup;
			children = (
				17C44DDA27CE3A1F009EDF46 /* FOURSQUARE.app */,
			);
			name = Products;
			sourceTree = "<group>";
		};
		17C44DDC27CE3A1F009EDF46 /* FOURSQUARE */ = {
			isa = PBXGroup;
			children = (
				17E9F27A27E0E74C008267EF /* MapTutorial */,
				174A1E2127CF389B00CDD3AC /* Models */,
				17C44DF127CE3B05009EDF46 /* Controller */,
				17C44DF727CE601D009EDF46 /* AppDelegate */,
				17C44DF627CE6013009EDF46 /* Resources */,
				17C44DEB27CE3A22009EDF46 /* Info.plist */,
			);
			path = FOURSQUARE;
			sourceTree = "<group>";
		};
		17C44DF127CE3B05009EDF46 /* Controller */ = {
			isa = PBXGroup;
			children = (
				17AEFB0A27EC79730040F7FA /* Login VC */,
				17C44DF827CE6028009EDF46 /* HomeVC */,
				17C312F327E87FDE007DE60A /* SearchVC */,
				174A1E0627CEEB1B00CDD3AC /* FavouriteVC */,
				174A1E0727CEEB2500CDD3AC /* MeVC */,
			);
			path = Controller;
			sourceTree = "<group>";
		};
		17C44DF627CE6013009EDF46 /* Resources */ = {
			isa = PBXGroup;
			children = (
				17C44DE627CE3A22009EDF46 /* Assets.xcassets */,
				17C44DE827CE3A22009EDF46 /* LaunchScreen.storyboard */,
			);
			path = Resources;
			sourceTree = "<group>";
		};
		17C44DF727CE601D009EDF46 /* AppDelegate */ = {
			isa = PBXGroup;
			children = (
				17C44DDD27CE3A1F009EDF46 /* AppDelegate.swift */,
			);
			path = AppDelegate;
			sourceTree = "<group>";
		};
		17C44DF827CE6028009EDF46 /* HomeVC */ = {
			isa = PBXGroup;
			children = (
				172DFD3327E061FD00F261C7 /* TableViewCell */,
				172DFD2427DF877300F261C7 /* DetailPlaceInfoVC */,
				17C44DF227CE3B2B009EDF46 /* HomeViewController.swift */,
				17C44DF327CE3B2B009EDF46 /* HomeViewController.xib */,
				174A1E1927CF341B00CDD3AC /* ListSearchViewController.swift */,
				174A1E1A27CF341B00CDD3AC /* ListSearchViewController.xib */,
			);
			path = HomeVC;
			sourceTree = "<group>";
		};
		17E9F27A27E0E74C008267EF /* MapTutorial */ = {
			isa = PBXGroup;
			children = (
				17E9F27B27E0E768008267EF /* MapingViewController.swift */,
				17E9F27C27E0E768008267EF /* MapingViewController.xib */,
			);
			path = MapTutorial;
			sourceTree = "<group>";
		};
/* End PBXGroup section */

/* Begin PBXNativeTarget section */
		17C44DD927CE3A1F009EDF46 /* FOURSQUARE */ = {
			isa = PBXNativeTarget;
			buildConfigurationList = 17C44DEE27CE3A22009EDF46 /* Build configuration list for PBXNativeTarget "FOURSQUARE" */;
			buildPhases = (
				17C44DD627CE3A1F009EDF46 /* Sources */,
				17C44DD727CE3A1F009EDF46 /* Frameworks */,
				17C44DD827CE3A1F009EDF46 /* Resources */,
			);
			buildRules = (
			);
			dependencies = (
			);
			name = FOURSQUARE;
			packageProductDependencies = (
				174768FE27D3546300AE1B0A /* Alamofire */,
				170C20E127D78F8400F84431 /* SDWebImage */,
				170C20E327D78F8400F84431 /* SDWebImageMapKit */,
				1759C48727E4882300C18102 /* SDWebImage */,
				1759C48927E4882300C18102 /* SDWebImageMapKit */,
				1786D6CF27E9C0F400121C70 /* RealmSwift */,
				17DBA8FF27F09BA70064DD79 /* FacebookAEM */,
				17DBA90127F09BA70064DD79 /* FacebookBasics */,
				17DBA90327F09BA70064DD79 /* FacebookCore */,
				17DBA90527F09BA70064DD79 /* FacebookLogin */,
				17DBA90727F09BA70064DD79 /* FacebookShare */,
			);
			productName = FOURSQUARE;
			productReference = 17C44DDA27CE3A1F009EDF46 /* FOURSQUARE.app */;
			productType = "com.apple.product-type.application";
		};
/* End PBXNativeTarget section */

/* Begin PBXProject section */
		17C44DD227CE3A1E009EDF46 /* Project object */ = {
			isa = PBXProject;
			attributes = {
				BuildIndependentTargetsInParallel = 1;
				LastSwiftUpdateCheck = 1320;
				LastUpgradeCheck = 1320;
				TargetAttributes = {
					17C44DD927CE3A1F009EDF46 = {
						CreatedOnToolsVersion = 13.2;
					};
				};
			};
			buildConfigurationList = 17C44DD527CE3A1E009EDF46 /* Build configuration list for PBXProject "FOURSQUARE" */;
			compatibilityVersion = "Xcode 13.0";
			developmentRegion = en;
			hasScannedForEncodings = 0;
			knownRegions = (
				en,
				Base,
			);
			mainGroup = 17C44DD127CE3A1E009EDF46;
			packageReferences = (
				174768FD27D3546300AE1B0A /* XCRemoteSwiftPackageReference "Alamofire" */,
				170C20E027D78F8400F84431 /* XCRemoteSwiftPackageReference "SDWebImage" */,
				1786D6CE27E9C0F400121C70 /* XCRemoteSwiftPackageReference "realm-swift" */,
				17DBA8FE27F09BA70064DD79 /* XCRemoteSwiftPackageReference "facebook-ios-sdk" */,
			);
			productRefGroup = 17C44DDB27CE3A1F009EDF46 /* Products */;
			projectDirPath = "";
			projectRoot = "";
			targets = (
				17C44DD927CE3A1F009EDF46 /* FOURSQUARE */,
			);
		};
/* End PBXProject section */

/* Begin PBXResourcesBuildPhase section */
		17C44DD827CE3A1F009EDF46 /* Resources */ = {
			isa = PBXResourcesBuildPhase;
			buildActionMask = 2147483647;
			files = (
				17AEFB0E27EC7B5D0040F7FA /* LoginViewController.xib in Resources */,
				174A1E1427CEECDA00CDD3AC /* MeViewController.xib in Resources */,
				17AEFB1227EC7C200040F7FA /* WelcomeViewController.xib in Resources */,
				17C44DEA27CE3A22009EDF46 /* LaunchScreen.storyboard in Resources */,
				17AEFB1627EC83480040F7FA /* SignUpViewController.xib in Resources */,
				174A1E2927CF39AB00CDD3AC /* PlaceTableViewCell.xib in Resources */,
				172DFD3727E063B300F261C7 /* InfoPlaceCell.xib in Resources */,
				17E9F27E27E0E768008267EF /* MapingViewController.xib in Resources */,
				174A1E1C27CF341B00CDD3AC /* ListSearchViewController.xib in Resources */,
				17C44DE727CE3A22009EDF46 /* Assets.xcassets in Resources */,
				172DFD3227E0500F00F261C7 /* HeaderSectionPlaceDetailCell.xib in Resources */,
				17C44DF527CE3B2B009EDF46 /* HomeViewController.xib in Resources */,
				17AEFB0427EB3EB50040F7FA /* FavouriteViewController.xib in Resources */,
				172DFD1F27DF324600F261C7 /* PlaceDetailCollectionReusableView.xib in Resources */,
				174A1E2D27CF4C3900CDD3AC /* DetailPlaceInfoViewController.xib in Resources */,
				172DFD2A27DFAB0D00F261C7 /* PhotoPlaceCell.xib in Resources */,
				17C312F227E87FD5007DE60A /* SearchViewController.xib in Resources */,
				172DFD2E27DFB8A500F261C7 /* TipPlaceCell.xib in Resources */,
			);
			runOnlyForDeploymentPostprocessing = 0;
		};
/* End PBXResourcesBuildPhase section */

/* Begin PBXSourcesBuildPhase section */
		17C44DD627CE3A1F009EDF46 /* Sources */ = {
			isa = PBXSourcesBuildPhase;
			buildActionMask = 2147483647;
			files = (
				17AEFB1527EC83480040F7FA /* SignUpViewController.swift in Sources */,
				17E9F27D27E0E768008267EF /* MapingViewController.swift in Sources */,
				174A1E1327CEECDA00CDD3AC /* MeViewController.swift in Sources */,
				174768FC27D353FC00AE1B0A /* Places.swift in Sources */,
				172DFD1E27DF324600F261C7 /* PlaceDetailCollectionReusableView.swift in Sources */,
				17AEFB0327EB3EB50040F7FA /* FavouriteViewController.swift in Sources */,
				17C44DDE27CE3A1F009EDF46 /* AppDelegate.swift in Sources */,
				17AEFB1127EC7C200040F7FA /* WelcomeViewController.swift in Sources */,
				172DFD2D27DFB8A500F261C7 /* TipPlaceCell.swift in Sources */,
				172B75ED27D49F5900FA128B /* PlacePhotoElement.swift in Sources */,
				17AEFB0D27EC7B5D0040F7FA /* LoginViewController.swift in Sources */,
				173EFB5F27ECD45300E2EFF0 /* AutoComple.swift in Sources */,
				172DFD2227DF876A00F261C7 /* InfoPlaceCell.swift in Sources */,
				174A1E2C27CF4C3900CDD3AC /* DetailPlaceInfoViewController.swift in Sources */,
				172DFD3127E0500F00F261C7 /* HeaderSectionPlaceDetailCell.swift in Sources */,
				1786D6D527E9D3E800121C70 /* FavoritePlaceItem.swift in Sources */,
				1713905027DCDCF100E16ADD /* PlaceTipElement.swift in Sources */,
				17C312F127E87FD5007DE60A /* SearchViewController.swift in Sources */,
				174A1E1B27CF341B00CDD3AC /* ListSearchViewController.swift in Sources */,
				172DFD2927DFAB0D00F261C7 /* PhotoPlaceCell.swift in Sources */,
				17AEFB0627EB6A520040F7FA /* DetailPlace.swift in Sources */,
				17C44DF427CE3B2B009EDF46 /* HomeViewController.swift in Sources */,
				174A1E2827CF39AB00CDD3AC /* PlaceTableViewCell.swift in Sources */,
			);
			runOnlyForDeploymentPostprocessing = 0;
		};
/* End PBXSourcesBuildPhase section */

/* Begin PBXVariantGroup section */
		17C44DE827CE3A22009EDF46 /* LaunchScreen.storyboard */ = {
			isa = PBXVariantGroup;
			children = (
				17C44DE927CE3A22009EDF46 /* Base */,
			);
			name = LaunchScreen.storyboard;
			sourceTree = "<group>";
		};
/* End PBXVariantGroup section */

/* Begin XCBuildConfiguration section */
		17C44DEC27CE3A22009EDF46 /* Debug */ = {
			isa = XCBuildConfiguration;
			buildSettings = {
				ALWAYS_SEARCH_USER_PATHS = NO;
				CLANG_ANALYZER_NONNULL = YES;
				CLANG_ANALYZER_NUMBER_OBJECT_CONVERSION = YES_AGGRESSIVE;
				CLANG_CXX_LANGUAGE_STANDARD = "gnu++17";
				CLANG_CXX_LIBRARY = "libc++";
				CLANG_ENABLE_MODULES = YES;
				CLANG_ENABLE_OBJC_ARC = YES;
				CLANG_ENABLE_OBJC_WEAK = YES;
				CLANG_WARN_BLOCK_CAPTURE_AUTORELEASING = YES;
				CLANG_WARN_BOOL_CONVERSION = YES;
				CLANG_WARN_COMMA = YES;
				CLANG_WARN_CONSTANT_CONVERSION = YES;
				CLANG_WARN_DEPRECATED_OBJC_IMPLEMENTATIONS = YES;
				CLANG_WARN_DIRECT_OBJC_ISA_USAGE = YES_ERROR;
				CLANG_WARN_DOCUMENTATION_COMMENTS = YES;
				CLANG_WARN_EMPTY_BODY = YES;
				CLANG_WARN_ENUM_CONVERSION = YES;
				CLANG_WARN_INFINITE_RECURSION = YES;
				CLANG_WARN_INT_CONVERSION = YES;
				CLANG_WARN_NON_LITERAL_NULL_CONVERSION = YES;
				CLANG_WARN_OBJC_IMPLICIT_RETAIN_SELF = YES;
				CLANG_WARN_OBJC_LITERAL_CONVERSION = YES;
				CLANG_WARN_OBJC_ROOT_CLASS = YES_ERROR;
				CLANG_WARN_QUOTED_INCLUDE_IN_FRAMEWORK_HEADER = YES;
				CLANG_WARN_RANGE_LOOP_ANALYSIS = YES;
				CLANG_WARN_STRICT_PROTOTYPES = YES;
				CLANG_WARN_SUSPICIOUS_MOVE = YES;
				CLANG_WARN_UNGUARDED_AVAILABILITY = YES_AGGRESSIVE;
				CLANG_WARN_UNREACHABLE_CODE = YES;
				CLANG_WARN__DUPLICATE_METHOD_MATCH = YES;
				COPY_PHASE_STRIP = NO;
				DEBUG_INFORMATION_FORMAT = dwarf;
				ENABLE_STRICT_OBJC_MSGSEND = YES;
				ENABLE_TESTABILITY = YES;
				GCC_C_LANGUAGE_STANDARD = gnu11;
				GCC_DYNAMIC_NO_PIC = NO;
				GCC_NO_COMMON_BLOCKS = YES;
				GCC_OPTIMIZATION_LEVEL = 0;
				GCC_PREPROCESSOR_DEFINITIONS = (
					"DEBUG=1",
					"$(inherited)",
				);
				GCC_WARN_64_TO_32_BIT_CONVERSION = YES;
				GCC_WARN_ABOUT_RETURN_TYPE = YES_ERROR;
				GCC_WARN_UNDECLARED_SELECTOR = YES;
				GCC_WARN_UNINITIALIZED_AUTOS = YES_AGGRESSIVE;
				GCC_WARN_UNUSED_FUNCTION = YES;
				GCC_WARN_UNUSED_VARIABLE = YES;
				IPHONEOS_DEPLOYMENT_TARGET = 15.2;
				MTL_ENABLE_DEBUG_INFO = INCLUDE_SOURCE;
				MTL_FAST_MATH = YES;
				ONLY_ACTIVE_ARCH = YES;
				SDKROOT = iphoneos;
				SWIFT_ACTIVE_COMPILATION_CONDITIONS = DEBUG;
				SWIFT_OPTIMIZATION_LEVEL = "-Onone";
			};
			name = Debug;
		};
		17C44DED27CE3A22009EDF46 /* Release */ = {
			isa = XCBuildConfiguration;
			buildSettings = {
				ALWAYS_SEARCH_USER_PATHS = NO;
				CLANG_ANALYZER_NONNULL = YES;
				CLANG_ANALYZER_NUMBER_OBJECT_CONVERSION = YES_AGGRESSIVE;
				CLANG_CXX_LANGUAGE_STANDARD = "gnu++17";
				CLANG_CXX_LIBRARY = "libc++";
				CLANG_ENABLE_MODULES = YES;
				CLANG_ENABLE_OBJC_ARC = YES;
				CLANG_ENABLE_OBJC_WEAK = YES;
				CLANG_WARN_BLOCK_CAPTURE_AUTORELEASING = YES;
				CLANG_WARN_BOOL_CONVERSION = YES;
				CLANG_WARN_COMMA = YES;
				CLANG_WARN_CONSTANT_CONVERSION = YES;
				CLANG_WARN_DEPRECATED_OBJC_IMPLEMENTATIONS = YES;
				CLANG_WARN_DIRECT_OBJC_ISA_USAGE = YES_ERROR;
				CLANG_WARN_DOCUMENTATION_COMMENTS = YES;
				CLANG_WARN_EMPTY_BODY = YES;
				CLANG_WARN_ENUM_CONVERSION = YES;
				CLANG_WARN_INFINITE_RECURSION = YES;
				CLANG_WARN_INT_CONVERSION = YES;
				CLANG_WARN_NON_LITERAL_NULL_CONVERSION = YES;
				CLANG_WARN_OBJC_IMPLICIT_RETAIN_SELF = YES;
				CLANG_WARN_OBJC_LITERAL_CONVERSION = YES;
				CLANG_WARN_OBJC_ROOT_CLASS = YES_ERROR;
				CLANG_WARN_QUOTED_INCLUDE_IN_FRAMEWORK_HEADER = YES;
				CLANG_WARN_RANGE_LOOP_ANALYSIS = YES;
				CLANG_WARN_STRICT_PROTOTYPES = YES;
				CLANG_WARN_SUSPICIOUS_MOVE = YES;
				CLANG_WARN_UNGUARDED_AVAILABILITY = YES_AGGRESSIVE;
				CLANG_WARN_UNREACHABLE_CODE = YES;
				CLANG_WARN__DUPLICATE_METHOD_MATCH = YES;
				COPY_PHASE_STRIP = NO;
				DEBUG_INFORMATION_FORMAT = "dwarf-with-dsym";
				ENABLE_NS_ASSERTIONS = NO;
				ENABLE_STRICT_OBJC_MSGSEND = YES;
				GCC_C_LANGUAGE_STANDARD = gnu11;
				GCC_NO_COMMON_BLOCKS = YES;
				GCC_WARN_64_TO_32_BIT_CONVERSION = YES;
				GCC_WARN_ABOUT_RETURN_TYPE = YES_ERROR;
				GCC_WARN_UNDECLARED_SELECTOR = YES;
				GCC_WARN_UNINITIALIZED_AUTOS = YES_AGGRESSIVE;
				GCC_WARN_UNUSED_FUNCTION = YES;
				GCC_WARN_UNUSED_VARIABLE = YES;
				IPHONEOS_DEPLOYMENT_TARGET = 15.2;
				MTL_ENABLE_DEBUG_INFO = NO;
				MTL_FAST_MATH = YES;
				SDKROOT = iphoneos;
				SWIFT_COMPILATION_MODE = wholemodule;
				SWIFT_OPTIMIZATION_LEVEL = "-O";
				VALIDATE_PRODUCT = YES;
			};
			name = Release;
		};
		17C44DEF27CE3A22009EDF46 /* Debug */ = {
			isa = XCBuildConfiguration;
			buildSettings = {
				ASSETCATALOG_COMPILER_APPICON_NAME = AppIcon;
				ASSETCATALOG_COMPILER_GLOBAL_ACCENT_COLOR_NAME = AccentColor;
				CODE_SIGN_IDENTITY = "Apple Development";
				CODE_SIGN_STYLE = Automatic;
				CURRENT_PROJECT_VERSION = 1;
				DEVELOPMENT_TEAM = 8FG8BPBM54;
				GENERATE_INFOPLIST_FILE = YES;
				INFOPLIST_FILE = FOURSQUARE/Info.plist;
				INFOPLIST_KEY_NSLocationAlwaysAndWhenInUseUsageDescription = "";
				INFOPLIST_KEY_NSLocationWhenInUseUsageDescription = "";
				INFOPLIST_KEY_UIApplicationSupportsIndirectInputEvents = YES;
				INFOPLIST_KEY_UILaunchStoryboardName = LaunchScreen;
				INFOPLIST_KEY_UISupportedInterfaceOrientations = UIInterfaceOrientationPortrait;
				INFOPLIST_KEY_UISupportedInterfaceOrientations_iPad = "UIInterfaceOrientationPortrait UIInterfaceOrientationPortraitUpsideDown UIInterfaceOrientationLandscapeLeft UIInterfaceOrientationLandscapeRight";
				INFOPLIST_KEY_UISupportedInterfaceOrientations_iPhone = "UIInterfaceOrientationPortrait UIInterfaceOrientationLandscapeLeft UIInterfaceOrientationLandscapeRight";
				LD_RUNPATH_SEARCH_PATHS = (
					"$(inherited)",
					"@executable_path/Frameworks",
				);
				MARKETING_VERSION = 1.0;
				PRODUCT_BUNDLE_IDENTIFIER = vn.ios.foursquare.ducvndev;
				PRODUCT_NAME = "$(TARGET_NAME)";
				PROVISIONING_PROFILE_SPECIFIER = "";
				SWIFT_EMIT_LOC_STRINGS = YES;
				SWIFT_VERSION = 5.0;
				TARGETED_DEVICE_FAMILY = "1,2";
			};
			name = Debug;
		};
		17C44DF027CE3A22009EDF46 /* Release */ = {
			isa = XCBuildConfiguration;
			buildSettings = {
				ASSETCATALOG_COMPILER_APPICON_NAME = AppIcon;
				ASSETCATALOG_COMPILER_GLOBAL_ACCENT_COLOR_NAME = AccentColor;
				CODE_SIGN_IDENTITY = "Apple Development";
				CODE_SIGN_STYLE = Automatic;
				CURRENT_PROJECT_VERSION = 1;
				DEVELOPMENT_TEAM = 8FG8BPBM54;
				GENERATE_INFOPLIST_FILE = YES;
				INFOPLIST_FILE = FOURSQUARE/Info.plist;
				INFOPLIST_KEY_NSLocationAlwaysAndWhenInUseUsageDescription = "";
				INFOPLIST_KEY_NSLocationWhenInUseUsageDescription = "";
				INFOPLIST_KEY_UIApplicationSupportsIndirectInputEvents = YES;
				INFOPLIST_KEY_UILaunchStoryboardName = LaunchScreen;
				INFOPLIST_KEY_UISupportedInterfaceOrientations = UIInterfaceOrientationPortrait;
				INFOPLIST_KEY_UISupportedInterfaceOrientations_iPad = "UIInterfaceOrientationPortrait UIInterfaceOrientationPortraitUpsideDown UIInterfaceOrientationLandscapeLeft UIInterfaceOrientationLandscapeRight";
				INFOPLIST_KEY_UISupportedInterfaceOrientations_iPhone = "UIInterfaceOrientationPortrait UIInterfaceOrientationLandscapeLeft UIInterfaceOrientationLandscapeRight";
				LD_RUNPATH_SEARCH_PATHS = (
					"$(inherited)",
					"@executable_path/Frameworks",
				);
				MARKETING_VERSION = 1.0;
				PRODUCT_BUNDLE_IDENTIFIER = vn.ios.foursquare.ducvndev;
				PRODUCT_NAME = "$(TARGET_NAME)";
				PROVISIONING_PROFILE_SPECIFIER = "";
				SWIFT_EMIT_LOC_STRINGS = YES;
				SWIFT_VERSION = 5.0;
				TARGETED_DEVICE_FAMILY = "1,2";
			};
			name = Release;
		};
/* End XCBuildConfiguration section */

/* Begin XCConfigurationList section */
		17C44DD527CE3A1E009EDF46 /* Build configuration list for PBXProject "FOURSQUARE" */ = {
			isa = XCConfigurationList;
			buildConfigurations = (
				17C44DEC27CE3A22009EDF46 /* Debug */,
				17C44DED27CE3A22009EDF46 /* Release */,
			);
			defaultConfigurationIsVisible = 0;
			defaultConfigurationName = Release;
		};
		17C44DEE27CE3A22009EDF46 /* Build configuration list for PBXNativeTarget "FOURSQUARE" */ = {
			isa = XCConfigurationList;
			buildConfigurations = (
				17C44DEF27CE3A22009EDF46 /* Debug */,
				17C44DF027CE3A22009EDF46 /* Release */,
			);
			defaultConfigurationIsVisible = 0;
			defaultConfigurationName = Release;
		};
/* End XCConfigurationList section */

/* Begin XCRemoteSwiftPackageReference section */
		170C20E027D78F8400F84431 /* XCRemoteSwiftPackageReference "SDWebImage" */ = {
			isa = XCRemoteSwiftPackageReference;
			repositoryURL = "https://github.com/SDWebImage/SDWebImage";
			requirement = {
				kind = upToNextMajorVersion;
				minimumVersion = 5.0.0;
			};
		};
		174768FD27D3546300AE1B0A /* XCRemoteSwiftPackageReference "Alamofire" */ = {
			isa = XCRemoteSwiftPackageReference;
			repositoryURL = "https://github.com/Alamofire/Alamofire.git";
			requirement = {
				kind = upToNextMajorVersion;
				minimumVersion = 5.0.0;
			};
		};
		1786D6CE27E9C0F400121C70 /* XCRemoteSwiftPackageReference "realm-swift" */ = {
			isa = XCRemoteSwiftPackageReference;
			repositoryURL = "https://github.com/realm/realm-swift.git";
			requirement = {
				branch = master;
				kind = branch;
			};
		};
		17DBA8FE27F09BA70064DD79 /* XCRemoteSwiftPackageReference "facebook-ios-sdk" */ = {
			isa = XCRemoteSwiftPackageReference;
			repositoryURL = "https://github.com/facebook/facebook-ios-sdk";
			requirement = {
				branch = main;
				kind = branch;
			};
		};
/* End XCRemoteSwiftPackageReference section */

/* Begin XCSwiftPackageProductDependency section */
		170C20E127D78F8400F84431 /* SDWebImage */ = {
			isa = XCSwiftPackageProductDependency;
			package = 170C20E027D78F8400F84431 /* XCRemoteSwiftPackageReference "SDWebImage" */;
			productName = SDWebImage;
		};
		170C20E327D78F8400F84431 /* SDWebImageMapKit */ = {
			isa = XCSwiftPackageProductDependency;
			package = 170C20E027D78F8400F84431 /* XCRemoteSwiftPackageReference "SDWebImage" */;
			productName = SDWebImageMapKit;
		};
		174768FE27D3546300AE1B0A /* Alamofire */ = {
			isa = XCSwiftPackageProductDependency;
			package = 174768FD27D3546300AE1B0A /* XCRemoteSwiftPackageReference "Alamofire" */;
			productName = Alamofire;
		};
		1759C48727E4882300C18102 /* SDWebImage */ = {
			isa = XCSwiftPackageProductDependency;
			package = 170C20E027D78F8400F84431 /* XCRemoteSwiftPackageReference "SDWebImage" */;
			productName = SDWebImage;
		};
		1759C48927E4882300C18102 /* SDWebImageMapKit */ = {
			isa = XCSwiftPackageProductDependency;
			package = 170C20E027D78F8400F84431 /* XCRemoteSwiftPackageReference "SDWebImage" */;
			productName = SDWebImageMapKit;
		};
		1786D6CF27E9C0F400121C70 /* RealmSwift */ = {
			isa = XCSwiftPackageProductDependency;
			package = 1786D6CE27E9C0F400121C70 /* XCRemoteSwiftPackageReference "realm-swift" */;
			productName = RealmSwift;
		};
		17DBA8FF27F09BA70064DD79 /* FacebookAEM */ = {
			isa = XCSwiftPackageProductDependency;
			package = 17DBA8FE27F09BA70064DD79 /* XCRemoteSwiftPackageReference "facebook-ios-sdk" */;
			productName = FacebookAEM;
		};
		17DBA90127F09BA70064DD79 /* FacebookBasics */ = {
			isa = XCSwiftPackageProductDependency;
			package = 17DBA8FE27F09BA70064DD79 /* XCRemoteSwiftPackageReference "facebook-ios-sdk" */;
			productName = FacebookBasics;
		};
		17DBA90327F09BA70064DD79 /* FacebookCore */ = {
			isa = XCSwiftPackageProductDependency;
			package = 17DBA8FE27F09BA70064DD79 /* XCRemoteSwiftPackageReference "facebook-ios-sdk" */;
			productName = FacebookCore;
		};
		17DBA90527F09BA70064DD79 /* FacebookLogin */ = {
			isa = XCSwiftPackageProductDependency;
			package = 17DBA8FE27F09BA70064DD79 /* XCRemoteSwiftPackageReference "facebook-ios-sdk" */;
			productName = FacebookLogin;
		};
		17DBA90727F09BA70064DD79 /* FacebookShare */ = {
			isa = XCSwiftPackageProductDependency;
			package = 17DBA8FE27F09BA70064DD79 /* XCRemoteSwiftPackageReference "facebook-ios-sdk" */;
			productName = FacebookShare;
		};
/* End XCSwiftPackageProductDependency section */
	};
	rootObject = 17C44DD227CE3A1E009EDF46 /* Project object */;
}
